PODS:
  - Charts (3.1.1):
    - Charts/Core (= 3.1.1)
  - Charts/Core (3.1.1)
  - NVActivityIndicatorView (4.2.1):
    - NVActivityIndicatorView/Presenter (= 4.2.1)
  - NVActivityIndicatorView/Presenter (4.2.1)
  - PromiseKit/CorePromise (6.2.6)
  - PromiseKit/Foundation (6.2.6):
    - PromiseKit/CorePromise
  - SwiftLint (0.25.1)
  - SwiftMessages (4.1.2)

DEPENDENCIES:
  - Charts
  - NVActivityIndicatorView
  - PromiseKit/CorePromise
  - PromiseKit/Foundation
  - SwiftLint
  - SwiftMessages

SPEC REPOS:
  https://github.com/CocoaPods/Specs.git:
    - Charts
    - NVActivityIndicatorView
    - PromiseKit
    - SwiftLint
    - SwiftMessages

SPEC CHECKSUMS:
  Charts: 90a4d61da0f6e06684c591e3bcab11940fe61736
  NVActivityIndicatorView: 8068ba3ad39cb44cbaab25d89ff2546b3f092681
  PromiseKit: 8245cb2e3a8fe00453e580bd4aafb57e1671f501
  SwiftLint: ce933681be10c3266e82576dad676fa815a602e9
  SwiftMessages: d81f48c1f8b6bc1dbebdfffe11226f0344f937ca

PODFILE CHECKSUM: 9e9be64e93a607a6d09e2dec8f25d837e26b6caf

COCOAPODS: 1.5.0
