PODS:
  - PromiseKit (4.5.0):
    - PromiseKit/Foundation (= 4.5.0)
    - PromiseKit/QuartzCore (= 4.5.0)
    - PromiseKit/UIKit (= 4.5.0)
  - PromiseKit/CorePromise (4.5.0)
  - PromiseKit/Foundation (4.5.0):
    - PromiseKit/CorePromise
  - PromiseKit/QuartzCore (4.5.0):
    - PromiseKit/CorePromise
  - PromiseKit/UIKit (4.5.0):
    - PromiseKit/CorePromise
  - SwiftLint (0.24.0)

DEPENDENCIES:
  - PromiseKit
  - SwiftLint

SPEC CHECKSUMS:
  PromiseKit: 9c1d9f6d7b65e3951a90bea7f407c56972be5d8e
  SwiftLint: a014c92b4664e8b13f380f8640a51bb1733778ba

PODFILE CHECKSUM: be7ebd65c9f4f5f62d900156b2d3d9bdc379e984

COCOAPODS: 1.3.1
