// !$*UTF8*$!
{
	archiveVersion = 1;
	classes = {
	};
	objectVersion = 48;
	objects = {

/* Begin PBXBuildFile section */
		22AB5A716AF69A3C30C526B3 /* Pods_MyFinance.framework in Frameworks */ = {isa = PBXBuildFile; fileRef = FBD616E33767A57E45EB175A /* Pods_MyFinance.framework */; };
		9A5AE5762012A8AB00B25081 /* AppDelegate.swift in Sources */ = {isa = PBXBuildFile; fileRef = 9A5AE5752012A8AB00B25081 /* AppDelegate.swift */; };
		9A5AE5782012A8AC00B25081 /* HomeViewController.swift in Sources */ = {isa = PBXBuildFile; fileRef = 9A5AE5772012A8AC00B25081 /* HomeViewController.swift */; };
		9A5AE57B2012A8AC00B25081 /* Main.storyboard in Resources */ = {isa = PBXBuildFile; fileRef = 9A5AE5792012A8AC00B25081 /* Main.storyboard */; };
		9A5AE57D2012A8AC00B25081 /* Assets.xcassets in Resources */ = {isa = PBXBuildFile; fileRef = 9A5AE57C2012A8AC00B25081 /* Assets.xcassets */; };
		9A5AE5802012A8AC00B25081 /* LaunchScreen.storyboard in Resources */ = {isa = PBXBuildFile; fileRef = 9A5AE57E2012A8AC00B25081 /* LaunchScreen.storyboard */; };
		9A5AE5922012B97500B25081 /* Balance.swift in Sources */ = {isa = PBXBuildFile; fileRef = 9A5AE5912012B97500B25081 /* Balance.swift */; };
		9A5AE5952012BE0500B25081 /* ConfigManager.swift in Sources */ = {isa = PBXBuildFile; fileRef = 9A5AE5942012BE0500B25081 /* ConfigManager.swift */; };
		9A5AE5972012BF5E00B25081 /* Config.swift in Sources */ = {isa = PBXBuildFile; fileRef = 9A5AE5962012BF5E00B25081 /* Config.swift */; };
		9A5AE59A2012C0D000B25081 /* NetworkManager.swift in Sources */ = {isa = PBXBuildFile; fileRef = 9A5AE5992012C0D000B25081 /* NetworkManager.swift */; };
		9A5AE59C2012C45700B25081 /* Error.swift in Sources */ = {isa = PBXBuildFile; fileRef = 9A5AE59B2012C45700B25081 /* Error.swift */; };
		9A5AE5A02012C8A400B25081 /* BalanceBusinessLogic.swift in Sources */ = {isa = PBXBuildFile; fileRef = 9A5AE59F2012C8A400B25081 /* BalanceBusinessLogic.swift */; };
		9A5AE5A22012C99A00B25081 /* HomeViewModel.swift in Sources */ = {isa = PBXBuildFile; fileRef = 9A5AE5A12012C99A00B25081 /* HomeViewModel.swift */; };
		9A5AE5A42012CA7700B25081 /* Formatters.swift in Sources */ = {isa = PBXBuildFile; fileRef = 9A5AE5A32012CA7700B25081 /* Formatters.swift */; };
		9A5AE5A62012CCFC00B25081 /* StarlingAPI.swift in Sources */ = {isa = PBXBuildFile; fileRef = 9A5AE5A52012CCFC00B25081 /* StarlingAPI.swift */; };
		9A5AE5AA2012D4A400B25081 /* Dictionary+Helpers.swift in Sources */ = {isa = PBXBuildFile; fileRef = 9A5AE5A92012D4A400B25081 /* Dictionary+Helpers.swift */; };
		9AD3EE1E20138F6C0083F8FE /* Transaction.swift in Sources */ = {isa = PBXBuildFile; fileRef = 9AD3EE1D20138F6C0083F8FE /* Transaction.swift */; };
		9AD3EE202013965D0083F8FE /* JSONCoder.swift in Sources */ = {isa = PBXBuildFile; fileRef = 9AD3EE1F2013965D0083F8FE /* JSONCoder.swift */; };
		9AD3EE232013985B0083F8FE /* TransactionsBusinessLogic.swift in Sources */ = {isa = PBXBuildFile; fileRef = 9AD3EE222013985B0083F8FE /* TransactionsBusinessLogic.swift */; };
		9AD3EE2520139BA40083F8FE /* Data+Helpers.swift in Sources */ = {isa = PBXBuildFile; fileRef = 9AD3EE2420139BA40083F8FE /* Data+Helpers.swift */; };
		9AD3EE2720139FDC0083F8FE /* HALResponse.swift in Sources */ = {isa = PBXBuildFile; fileRef = 9AD3EE2620139FDC0083F8FE /* HALResponse.swift */; };
		9AD3EE292013A7FE0083F8FE /* SpendingBusinessLogic.swift in Sources */ = {isa = PBXBuildFile; fileRef = 9AD3EE282013A7FE0083F8FE /* SpendingBusinessLogic.swift */; };
		9AD3EE2B2013AD2A0083F8FE /* Date+Helpers.swift in Sources */ = {isa = PBXBuildFile; fileRef = 9AD3EE2A2013AD2A0083F8FE /* Date+Helpers.swift */; };
		9AD3EE2D2013B64C0083F8FE /* config.json in Resources */ = {isa = PBXBuildFile; fileRef = 9AD3EE2C2013B64C0083F8FE /* config.json */; };
		9AD3EE2F2013B6640083F8FE /* Podfile in Resources */ = {isa = PBXBuildFile; fileRef = 9AD3EE2E2013B6640083F8FE /* Podfile */; };
		9AD3EE312013B7BF0083F8FE /* .swiftlint.yml in Resources */ = {isa = PBXBuildFile; fileRef = 9AD3EE302013B7BF0083F8FE /* .swiftlint.yml */; };
		9AD3EE3A2013D9A10083F8FE /* NotificationCenter.framework in Frameworks */ = {isa = PBXBuildFile; fileRef = 9AD3EE392013D9A10083F8FE /* NotificationCenter.framework */; };
		9AD3EE3D2013D9A10083F8FE /* TodayViewController.swift in Sources */ = {isa = PBXBuildFile; fileRef = 9AD3EE3C2013D9A10083F8FE /* TodayViewController.swift */; };
		9AD3EE402013D9A10083F8FE /* MainInterface.storyboard in Resources */ = {isa = PBXBuildFile; fileRef = 9AD3EE3E2013D9A10083F8FE /* MainInterface.storyboard */; };
		9AD3EE442013D9A10083F8FE /* MyFinanceExtension.appex in Embed App Extensions */ = {isa = PBXBuildFile; fileRef = 9AD3EE382013D9A10083F8FE /* MyFinanceExtension.appex */; settings = {ATTRIBUTES = (RemoveHeadersOnCopy, ); }; };
		9AD3EE4B2013DC5E0083F8FE /* TodayViewModel.swift in Sources */ = {isa = PBXBuildFile; fileRef = 9AD3EE4A2013DC5E0083F8FE /* TodayViewModel.swift */; };
		9AD3EE4C2013DCE10083F8FE /* Error.swift in Sources */ = {isa = PBXBuildFile; fileRef = 9A5AE59B2012C45700B25081 /* Error.swift */; };
		9AD3EE4D2013DCE30083F8FE /* HALResponse.swift in Sources */ = {isa = PBXBuildFile; fileRef = 9AD3EE2620139FDC0083F8FE /* HALResponse.swift */; };
		9AD3EE4E2013DCE50083F8FE /* Config.swift in Sources */ = {isa = PBXBuildFile; fileRef = 9A5AE5962012BF5E00B25081 /* Config.swift */; };
		9AD3EE4F2013DCE80083F8FE /* Balance.swift in Sources */ = {isa = PBXBuildFile; fileRef = 9A5AE5912012B97500B25081 /* Balance.swift */; };
		9AD3EE502013DCEA0083F8FE /* Transaction.swift in Sources */ = {isa = PBXBuildFile; fileRef = 9AD3EE1D20138F6C0083F8FE /* Transaction.swift */; };
		9AD3EE512013DCF00083F8FE /* StarlingAPI.swift in Sources */ = {isa = PBXBuildFile; fileRef = 9A5AE5A52012CCFC00B25081 /* StarlingAPI.swift */; };
		9AD3EE522013DCF30083F8FE /* Formatters.swift in Sources */ = {isa = PBXBuildFile; fileRef = 9A5AE5A32012CA7700B25081 /* Formatters.swift */; };
		9AD3EE532013DCF60083F8FE /* BalanceBusinessLogic.swift in Sources */ = {isa = PBXBuildFile; fileRef = 9A5AE59F2012C8A400B25081 /* BalanceBusinessLogic.swift */; };
		9AD3EE542013DCF90083F8FE /* TransactionsBusinessLogic.swift in Sources */ = {isa = PBXBuildFile; fileRef = 9AD3EE222013985B0083F8FE /* TransactionsBusinessLogic.swift */; };
		9AD3EE552013DCFB0083F8FE /* SpendingBusinessLogic.swift in Sources */ = {isa = PBXBuildFile; fileRef = 9AD3EE282013A7FE0083F8FE /* SpendingBusinessLogic.swift */; };
		9AD3EE562013DD010083F8FE /* Dictionary+Helpers.swift in Sources */ = {isa = PBXBuildFile; fileRef = 9A5AE5A92012D4A400B25081 /* Dictionary+Helpers.swift */; };
		9AD3EE572013DD040083F8FE /* Date+Helpers.swift in Sources */ = {isa = PBXBuildFile; fileRef = 9AD3EE2A2013AD2A0083F8FE /* Date+Helpers.swift */; };
		9AD3EE582013DD060083F8FE /* Data+Helpers.swift in Sources */ = {isa = PBXBuildFile; fileRef = 9AD3EE2420139BA40083F8FE /* Data+Helpers.swift */; };
		9AD3EE592013DD080083F8FE /* JSONCoder.swift in Sources */ = {isa = PBXBuildFile; fileRef = 9AD3EE1F2013965D0083F8FE /* JSONCoder.swift */; };
		9AD3EE5A2013DD0A0083F8FE /* NetworkManager.swift in Sources */ = {isa = PBXBuildFile; fileRef = 9A5AE5992012C0D000B25081 /* NetworkManager.swift */; };
		9AD3EE5B2013DD0D0083F8FE /* ConfigManager.swift in Sources */ = {isa = PBXBuildFile; fileRef = 9A5AE5942012BE0500B25081 /* ConfigManager.swift */; };
		9AD3EE5C2013DD120083F8FE /* config.json in Resources */ = {isa = PBXBuildFile; fileRef = 9AD3EE2C2013B64C0083F8FE /* config.json */; };
		FD305ACDE07231FF5EC551FB /* Pods_MyFinanceExtension.framework in Frameworks */ = {isa = PBXBuildFile; fileRef = 1DDA4BA8DDECA7088DB8650F /* Pods_MyFinanceExtension.framework */; };
/* End PBXBuildFile section */

/* Begin PBXContainerItemProxy section */
		9AD3EE422013D9A10083F8FE /* PBXContainerItemProxy */ = {
			isa = PBXContainerItemProxy;
			containerPortal = 9A5AE56A2012A8AB00B25081 /* Project object */;
			proxyType = 1;
			remoteGlobalIDString = 9AD3EE372013D9A10083F8FE;
			remoteInfo = MyFinanceExtension;
		};
/* End PBXContainerItemProxy section */

/* Begin PBXCopyFilesBuildPhase section */
		9AD3EE482013D9A10083F8FE /* Embed App Extensions */ = {
			isa = PBXCopyFilesBuildPhase;
			buildActionMask = 2147483647;
			dstPath = "";
			dstSubfolderSpec = 13;
			files = (
				9AD3EE442013D9A10083F8FE /* MyFinanceExtension.appex in Embed App Extensions */,
			);
			name = "Embed App Extensions";
			runOnlyForDeploymentPostprocessing = 0;
		};
/* End PBXCopyFilesBuildPhase section */

/* Begin PBXFileReference section */
		1DDA4BA8DDECA7088DB8650F /* Pods_MyFinanceExtension.framework */ = {isa = PBXFileReference; explicitFileType = wrapper.framework; includeInIndex = 0; path = Pods_MyFinanceExtension.framework; sourceTree = BUILT_PRODUCTS_DIR; };
		2D12856044DE82C2924693FD /* Pods-MyFinanceExtension.debug.xcconfig */ = {isa = PBXFileReference; includeInIndex = 1; lastKnownFileType = text.xcconfig; name = "Pods-MyFinanceExtension.debug.xcconfig"; path = "Pods/Target Support Files/Pods-MyFinanceExtension/Pods-MyFinanceExtension.debug.xcconfig"; sourceTree = "<group>"; };
		300147042264DD560CDF6466 /* Pods-MyFinanceExtension.release.xcconfig */ = {isa = PBXFileReference; includeInIndex = 1; lastKnownFileType = text.xcconfig; name = "Pods-MyFinanceExtension.release.xcconfig"; path = "Pods/Target Support Files/Pods-MyFinanceExtension/Pods-MyFinanceExtension.release.xcconfig"; sourceTree = "<group>"; };
		657896AC39A3CD1FA90830E2 /* Pods-MyFinance.debug.xcconfig */ = {isa = PBXFileReference; includeInIndex = 1; lastKnownFileType = text.xcconfig; name = "Pods-MyFinance.debug.xcconfig"; path = "Pods/Target Support Files/Pods-MyFinance/Pods-MyFinance.debug.xcconfig"; sourceTree = "<group>"; };
		9A5AE5722012A8AB00B25081 /* MyFinance.app */ = {isa = PBXFileReference; explicitFileType = wrapper.application; includeInIndex = 0; path = MyFinance.app; sourceTree = BUILT_PRODUCTS_DIR; };
		9A5AE5752012A8AB00B25081 /* AppDelegate.swift */ = {isa = PBXFileReference; lastKnownFileType = sourcecode.swift; path = AppDelegate.swift; sourceTree = "<group>"; };
		9A5AE5772012A8AC00B25081 /* HomeViewController.swift */ = {isa = PBXFileReference; lastKnownFileType = sourcecode.swift; path = HomeViewController.swift; sourceTree = "<group>"; };
		9A5AE57A2012A8AC00B25081 /* Base */ = {isa = PBXFileReference; lastKnownFileType = file.storyboard; name = Base; path = Base.lproj/Main.storyboard; sourceTree = "<group>"; };
		9A5AE57C2012A8AC00B25081 /* Assets.xcassets */ = {isa = PBXFileReference; lastKnownFileType = folder.assetcatalog; path = Assets.xcassets; sourceTree = "<group>"; };
		9A5AE57F2012A8AC00B25081 /* Base */ = {isa = PBXFileReference; lastKnownFileType = file.storyboard; name = Base; path = Base.lproj/LaunchScreen.storyboard; sourceTree = "<group>"; };
		9A5AE5812012A8AC00B25081 /* Info.plist */ = {isa = PBXFileReference; lastKnownFileType = text.plist.xml; path = Info.plist; sourceTree = "<group>"; };
		9A5AE5912012B97500B25081 /* Balance.swift */ = {isa = PBXFileReference; lastKnownFileType = sourcecode.swift; path = Balance.swift; sourceTree = "<group>"; };
		9A5AE5942012BE0500B25081 /* ConfigManager.swift */ = {isa = PBXFileReference; lastKnownFileType = sourcecode.swift; path = ConfigManager.swift; sourceTree = "<group>"; };
		9A5AE5962012BF5E00B25081 /* Config.swift */ = {isa = PBXFileReference; lastKnownFileType = sourcecode.swift; path = Config.swift; sourceTree = "<group>"; };
		9A5AE5992012C0D000B25081 /* NetworkManager.swift */ = {isa = PBXFileReference; lastKnownFileType = sourcecode.swift; path = NetworkManager.swift; sourceTree = "<group>"; };
		9A5AE59B2012C45700B25081 /* Error.swift */ = {isa = PBXFileReference; lastKnownFileType = sourcecode.swift; path = Error.swift; sourceTree = "<group>"; };
		9A5AE59F2012C8A400B25081 /* BalanceBusinessLogic.swift */ = {isa = PBXFileReference; lastKnownFileType = sourcecode.swift; path = BalanceBusinessLogic.swift; sourceTree = "<group>"; };
		9A5AE5A12012C99A00B25081 /* HomeViewModel.swift */ = {isa = PBXFileReference; lastKnownFileType = sourcecode.swift; path = HomeViewModel.swift; sourceTree = "<group>"; };
		9A5AE5A32012CA7700B25081 /* Formatters.swift */ = {isa = PBXFileReference; lastKnownFileType = sourcecode.swift; path = Formatters.swift; sourceTree = "<group>"; };
		9A5AE5A52012CCFC00B25081 /* StarlingAPI.swift */ = {isa = PBXFileReference; lastKnownFileType = sourcecode.swift; path = StarlingAPI.swift; sourceTree = "<group>"; };
		9A5AE5A72012CEE700B25081 /* README.md */ = {isa = PBXFileReference; lastKnownFileType = net.daringfireball.markdown; path = README.md; sourceTree = SOURCE_ROOT; };
		9A5AE5A82012CF1400B25081 /* .gitignore */ = {isa = PBXFileReference; lastKnownFileType = text; path = .gitignore; sourceTree = SOURCE_ROOT; };
		9A5AE5A92012D4A400B25081 /* Dictionary+Helpers.swift */ = {isa = PBXFileReference; lastKnownFileType = sourcecode.swift; path = "Dictionary+Helpers.swift"; sourceTree = "<group>"; };
		9AD3EE1D20138F6C0083F8FE /* Transaction.swift */ = {isa = PBXFileReference; lastKnownFileType = sourcecode.swift; path = Transaction.swift; sourceTree = "<group>"; };
		9AD3EE1F2013965D0083F8FE /* JSONCoder.swift */ = {isa = PBXFileReference; lastKnownFileType = sourcecode.swift; path = JSONCoder.swift; sourceTree = "<group>"; };
		9AD3EE222013985B0083F8FE /* TransactionsBusinessLogic.swift */ = {isa = PBXFileReference; lastKnownFileType = sourcecode.swift; path = TransactionsBusinessLogic.swift; sourceTree = "<group>"; };
		9AD3EE2420139BA40083F8FE /* Data+Helpers.swift */ = {isa = PBXFileReference; lastKnownFileType = sourcecode.swift; path = "Data+Helpers.swift"; sourceTree = "<group>"; };
		9AD3EE2620139FDC0083F8FE /* HALResponse.swift */ = {isa = PBXFileReference; lastKnownFileType = sourcecode.swift; path = HALResponse.swift; sourceTree = "<group>"; };
		9AD3EE282013A7FE0083F8FE /* SpendingBusinessLogic.swift */ = {isa = PBXFileReference; lastKnownFileType = sourcecode.swift; path = SpendingBusinessLogic.swift; sourceTree = "<group>"; };
		9AD3EE2A2013AD2A0083F8FE /* Date+Helpers.swift */ = {isa = PBXFileReference; lastKnownFileType = sourcecode.swift; path = "Date+Helpers.swift"; sourceTree = "<group>"; };
		9AD3EE2C2013B64C0083F8FE /* config.json */ = {isa = PBXFileReference; fileEncoding = 4; lastKnownFileType = text.json; path = config.json; sourceTree = SOURCE_ROOT; };
		9AD3EE2E2013B6640083F8FE /* Podfile */ = {isa = PBXFileReference; fileEncoding = 4; lastKnownFileType = text; path = Podfile; sourceTree = SOURCE_ROOT; xcLanguageSpecificationIdentifier = xcode.lang.ruby; };
		9AD3EE302013B7BF0083F8FE /* .swiftlint.yml */ = {isa = PBXFileReference; fileEncoding = 4; lastKnownFileType = text; path = .swiftlint.yml; sourceTree = SOURCE_ROOT; };
		9AD3EE332013C9120083F8FE /* Bridging-Header.h */ = {isa = PBXFileReference; lastKnownFileType = sourcecode.c.h; path = "Bridging-Header.h"; sourceTree = "<group>"; };
		9AD3EE382013D9A10083F8FE /* MyFinanceExtension.appex */ = {isa = PBXFileReference; explicitFileType = "wrapper.app-extension"; includeInIndex = 0; path = MyFinanceExtension.appex; sourceTree = BUILT_PRODUCTS_DIR; };
		9AD3EE392013D9A10083F8FE /* NotificationCenter.framework */ = {isa = PBXFileReference; lastKnownFileType = wrapper.framework; name = NotificationCenter.framework; path = System/Library/Frameworks/NotificationCenter.framework; sourceTree = SDKROOT; };
		9AD3EE3C2013D9A10083F8FE /* TodayViewController.swift */ = {isa = PBXFileReference; lastKnownFileType = sourcecode.swift; path = TodayViewController.swift; sourceTree = "<group>"; };
		9AD3EE3F2013D9A10083F8FE /* Base */ = {isa = PBXFileReference; lastKnownFileType = file.storyboard; name = Base; path = Base.lproj/MainInterface.storyboard; sourceTree = "<group>"; };
		9AD3EE412013D9A10083F8FE /* Info.plist */ = {isa = PBXFileReference; lastKnownFileType = text.plist.xml; path = Info.plist; sourceTree = "<group>"; };
		9AD3EE4A2013DC5E0083F8FE /* TodayViewModel.swift */ = {isa = PBXFileReference; lastKnownFileType = sourcecode.swift; path = TodayViewModel.swift; sourceTree = "<group>"; };
		9AD3EE5D2013DD360083F8FE /* Bridging-Header.h */ = {isa = PBXFileReference; lastKnownFileType = sourcecode.c.h; path = "Bridging-Header.h"; sourceTree = "<group>"; };
		C49F06F9156F2CB30EC7BDDD /* Pods-MyFinance.release.xcconfig */ = {isa = PBXFileReference; includeInIndex = 1; lastKnownFileType = text.xcconfig; name = "Pods-MyFinance.release.xcconfig"; path = "Pods/Target Support Files/Pods-MyFinance/Pods-MyFinance.release.xcconfig"; sourceTree = "<group>"; };
		FBD616E33767A57E45EB175A /* Pods_MyFinance.framework */ = {isa = PBXFileReference; explicitFileType = wrapper.framework; includeInIndex = 0; path = Pods_MyFinance.framework; sourceTree = BUILT_PRODUCTS_DIR; };
/* End PBXFileReference section */

/* Begin PBXFrameworksBuildPhase section */
		9A5AE56F2012A8AB00B25081 /* Frameworks */ = {
			isa = PBXFrameworksBuildPhase;
			buildActionMask = 2147483647;
			files = (
				22AB5A716AF69A3C30C526B3 /* Pods_MyFinance.framework in Frameworks */,
			);
			runOnlyForDeploymentPostprocessing = 0;
		};
		9AD3EE352013D9A10083F8FE /* Frameworks */ = {
			isa = PBXFrameworksBuildPhase;
			buildActionMask = 2147483647;
			files = (
				9AD3EE3A2013D9A10083F8FE /* NotificationCenter.framework in Frameworks */,
				FD305ACDE07231FF5EC551FB /* Pods_MyFinanceExtension.framework in Frameworks */,
			);
			runOnlyForDeploymentPostprocessing = 0;
		};
/* End PBXFrameworksBuildPhase section */

/* Begin PBXGroup section */
		6A8339920FDEA889B7701045 /* Frameworks */ = {
			isa = PBXGroup;
			children = (
				FBD616E33767A57E45EB175A /* Pods_MyFinance.framework */,
				9AD3EE392013D9A10083F8FE /* NotificationCenter.framework */,
				1DDA4BA8DDECA7088DB8650F /* Pods_MyFinanceExtension.framework */,
			);
			name = Frameworks;
			sourceTree = "<group>";
		};
		9A5AE5692012A8AB00B25081 = {
			isa = PBXGroup;
			children = (
				9A5AE5742012A8AB00B25081 /* MyFinance */,
				9AD3EE3B2013D9A10083F8FE /* MyFinanceExtension */,
				9A5AE5732012A8AB00B25081 /* Products */,
				B68A00CB2E7F1881222650B9 /* Pods */,
				6A8339920FDEA889B7701045 /* Frameworks */,
			);
			sourceTree = "<group>";
		};
		9A5AE5732012A8AB00B25081 /* Products */ = {
			isa = PBXGroup;
			children = (
				9A5AE5722012A8AB00B25081 /* MyFinance.app */,
				9AD3EE382013D9A10083F8FE /* MyFinanceExtension.appex */,
			);
			name = Products;
			sourceTree = "<group>";
		};
		9A5AE5742012A8AB00B25081 /* MyFinance */ = {
			isa = PBXGroup;
			children = (
				9A5AE58C2012B8F000B25081 /* Application */,
				9A5AE58B2012B8DC00B25081 /* Model */,
				9A5AE58D2012B91300B25081 /* View */,
				9A5AE58E2012B92C00B25081 /* Controller */,
				9A5AE58F2012B94200B25081 /* ViewModel */,
				9A5AE5932012BDDB00B25081 /* Business */,
				9A5AE5982012C0B400B25081 /* Platform */,
				9A5AE5902012B95A00B25081 /* Resources */,
			);
			path = MyFinance;
			sourceTree = "<group>";
		};
		9A5AE58B2012B8DC00B25081 /* Model */ = {
			isa = PBXGroup;
			children = (
				9A5AE59B2012C45700B25081 /* Error.swift */,
				9AD3EE2620139FDC0083F8FE /* HALResponse.swift */,
				9A5AE5962012BF5E00B25081 /* Config.swift */,
				9A5AE5912012B97500B25081 /* Balance.swift */,
				9AD3EE1D20138F6C0083F8FE /* Transaction.swift */,
			);
			path = Model;
			sourceTree = "<group>";
		};
		9A5AE58C2012B8F000B25081 /* Application */ = {
			isa = PBXGroup;
			children = (
				9A5AE5752012A8AB00B25081 /* AppDelegate.swift */,
				9AD3EE332013C9120083F8FE /* Bridging-Header.h */,
				9A5AE5812012A8AC00B25081 /* Info.plist */,
				9AD3EE2C2013B64C0083F8FE /* config.json */,
				9AD3EE2E2013B6640083F8FE /* Podfile */,
				9AD3EE302013B7BF0083F8FE /* .swiftlint.yml */,
				9A5AE5A82012CF1400B25081 /* .gitignore */,
				9A5AE5A72012CEE700B25081 /* README.md */,
			);
			path = Application;
			sourceTree = "<group>";
		};
		9A5AE58D2012B91300B25081 /* View */ = {
			isa = PBXGroup;
			children = (
				9A5AE57E2012A8AC00B25081 /* LaunchScreen.storyboard */,
				9A5AE5792012A8AC00B25081 /* Main.storyboard */,
			);
			path = View;
			sourceTree = "<group>";
		};
		9A5AE58E2012B92C00B25081 /* Controller */ = {
			isa = PBXGroup;
			children = (
				9A5AE5772012A8AC00B25081 /* HomeViewController.swift */,
			);
			path = Controller;
			sourceTree = "<group>";
		};
		9A5AE58F2012B94200B25081 /* ViewModel */ = {
			isa = PBXGroup;
			children = (
				9A5AE5A12012C99A00B25081 /* HomeViewModel.swift */,
			);
			path = ViewModel;
			sourceTree = "<group>";
		};
		9A5AE5902012B95A00B25081 /* Resources */ = {
			isa = PBXGroup;
			children = (
				9A5AE57C2012A8AC00B25081 /* Assets.xcassets */,
			);
			path = Resources;
			sourceTree = "<group>";
		};
		9A5AE5932012BDDB00B25081 /* Business */ = {
			isa = PBXGroup;
			children = (
				9A5AE5A52012CCFC00B25081 /* StarlingAPI.swift */,
				9A5AE5A32012CA7700B25081 /* Formatters.swift */,
				9A5AE59F2012C8A400B25081 /* BalanceBusinessLogic.swift */,
				9AD3EE222013985B0083F8FE /* TransactionsBusinessLogic.swift */,
				9AD3EE282013A7FE0083F8FE /* SpendingBusinessLogic.swift */,
			);
			path = Business;
			sourceTree = "<group>";
		};
		9A5AE5982012C0B400B25081 /* Platform */ = {
			isa = PBXGroup;
			children = (
				9AD3EE212013966E0083F8FE /* Extensions */,
				9AD3EE1F2013965D0083F8FE /* JSONCoder.swift */,
				9A5AE5992012C0D000B25081 /* NetworkManager.swift */,
				9A5AE5942012BE0500B25081 /* ConfigManager.swift */,
			);
			path = Platform;
			sourceTree = "<group>";
		};
		9AD3EE212013966E0083F8FE /* Extensions */ = {
			isa = PBXGroup;
			children = (
				9A5AE5A92012D4A400B25081 /* Dictionary+Helpers.swift */,
				9AD3EE2A2013AD2A0083F8FE /* Date+Helpers.swift */,
				9AD3EE2420139BA40083F8FE /* Data+Helpers.swift */,
			);
			path = Extensions;
			sourceTree = "<group>";
		};
		9AD3EE3B2013D9A10083F8FE /* MyFinanceExtension */ = {
			isa = PBXGroup;
			children = (
				9AD3EE5D2013DD360083F8FE /* Bridging-Header.h */,
				9AD3EE412013D9A10083F8FE /* Info.plist */,
				9AD3EE3E2013D9A10083F8FE /* MainInterface.storyboard */,
				9AD3EE3C2013D9A10083F8FE /* TodayViewController.swift */,
				9AD3EE4A2013DC5E0083F8FE /* TodayViewModel.swift */,
			);
			path = MyFinanceExtension;
			sourceTree = "<group>";
		};
		B68A00CB2E7F1881222650B9 /* Pods */ = {
			isa = PBXGroup;
			children = (
				657896AC39A3CD1FA90830E2 /* Pods-MyFinance.debug.xcconfig */,
				C49F06F9156F2CB30EC7BDDD /* Pods-MyFinance.release.xcconfig */,
				2D12856044DE82C2924693FD /* Pods-MyFinanceExtension.debug.xcconfig */,
				300147042264DD560CDF6466 /* Pods-MyFinanceExtension.release.xcconfig */,
			);
			name = Pods;
			sourceTree = "<group>";
		};
/* End PBXGroup section */

/* Begin PBXNativeTarget section */
		9A5AE5712012A8AB00B25081 /* MyFinance */ = {
			isa = PBXNativeTarget;
			buildConfigurationList = 9A5AE5842012A8AC00B25081 /* Build configuration list for PBXNativeTarget "MyFinance" */;
			buildPhases = (
				6C277E91235BF3232ED07A23 /* [CP] Check Pods Manifest.lock */,
				9A5AE56E2012A8AB00B25081 /* Sources */,
				9A5AE56F2012A8AB00B25081 /* Frameworks */,
				9A5AE5702012A8AB00B25081 /* Resources */,
				F67C6BD98D47F6864C27F74D /* [CP] Embed Pods Frameworks */,
				FB2ED961C165C2677C806A07 /* [CP] Copy Pods Resources */,
				9AD3EE322013B7EB0083F8FE /* SwiftLint */,
				9AD3EE482013D9A10083F8FE /* Embed App Extensions */,
			);
			buildRules = (
			);
			dependencies = (
				9AD3EE432013D9A10083F8FE /* PBXTargetDependency */,
			);
			name = MyFinance;
			productName = MyFinance;
			productReference = 9A5AE5722012A8AB00B25081 /* MyFinance.app */;
			productType = "com.apple.product-type.application";
		};
		9AD3EE372013D9A10083F8FE /* MyFinanceExtension */ = {
			isa = PBXNativeTarget;
			buildConfigurationList = 9AD3EE452013D9A10083F8FE /* Build configuration list for PBXNativeTarget "MyFinanceExtension" */;
			buildPhases = (
				1E48320F46C83465C0EDF78C /* [CP] Check Pods Manifest.lock */,
				9AD3EE342013D9A10083F8FE /* Sources */,
				9AD3EE352013D9A10083F8FE /* Frameworks */,
				9AD3EE362013D9A10083F8FE /* Resources */,
				45879BEBAFDAD5001899AD83 /* [CP] Copy Pods Resources */,
			);
			buildRules = (
			);
			dependencies = (
			);
			name = MyFinanceExtension;
			productName = MyFinanceExtension;
			productReference = 9AD3EE382013D9A10083F8FE /* MyFinanceExtension.appex */;
			productType = "com.apple.product-type.app-extension";
		};
/* End PBXNativeTarget section */

/* Begin PBXProject section */
		9A5AE56A2012A8AB00B25081 /* Project object */ = {
			isa = PBXProject;
			attributes = {
				LastSwiftUpdateCheck = 0920;
				LastUpgradeCheck = 0920;
				ORGANIZATIONNAME = "Attila Nemet";
				TargetAttributes = {
					9A5AE5712012A8AB00B25081 = {
						CreatedOnToolsVersion = 9.2;
						ProvisioningStyle = Automatic;
					};
					9AD3EE372013D9A10083F8FE = {
						CreatedOnToolsVersion = 9.2;
						ProvisioningStyle = Automatic;
					};
				};
			};
			buildConfigurationList = 9A5AE56D2012A8AB00B25081 /* Build configuration list for PBXProject "MyFinance" */;
			compatibilityVersion = "Xcode 8.0";
			developmentRegion = en;
			hasScannedForEncodings = 0;
			knownRegions = (
				en,
				Base,
			);
			mainGroup = 9A5AE5692012A8AB00B25081;
			productRefGroup = 9A5AE5732012A8AB00B25081 /* Products */;
			projectDirPath = "";
			projectRoot = "";
			targets = (
				9A5AE5712012A8AB00B25081 /* MyFinance */,
				9AD3EE372013D9A10083F8FE /* MyFinanceExtension */,
			);
		};
/* End PBXProject section */

/* Begin PBXResourcesBuildPhase section */
		9A5AE5702012A8AB00B25081 /* Resources */ = {
			isa = PBXResourcesBuildPhase;
			buildActionMask = 2147483647;
			files = (
				9AD3EE312013B7BF0083F8FE /* .swiftlint.yml in Resources */,
				9AD3EE2F2013B6640083F8FE /* Podfile in Resources */,
				9A5AE5802012A8AC00B25081 /* LaunchScreen.storyboard in Resources */,
				9AD3EE2D2013B64C0083F8FE /* config.json in Resources */,
				9A5AE57D2012A8AC00B25081 /* Assets.xcassets in Resources */,
				9A5AE57B2012A8AC00B25081 /* Main.storyboard in Resources */,
			);
			runOnlyForDeploymentPostprocessing = 0;
		};
		9AD3EE362013D9A10083F8FE /* Resources */ = {
			isa = PBXResourcesBuildPhase;
			buildActionMask = 2147483647;
			files = (
				9AD3EE402013D9A10083F8FE /* MainInterface.storyboard in Resources */,
				9AD3EE5C2013DD120083F8FE /* config.json in Resources */,
			);
			runOnlyForDeploymentPostprocessing = 0;
		};
/* End PBXResourcesBuildPhase section */

/* Begin PBXShellScriptBuildPhase section */
		1E48320F46C83465C0EDF78C /* [CP] Check Pods Manifest.lock */ = {
			isa = PBXShellScriptBuildPhase;
			buildActionMask = 2147483647;
			files = (
			);
			inputPaths = (
				"${PODS_PODFILE_DIR_PATH}/Podfile.lock",
				"${PODS_ROOT}/Manifest.lock",
			);
			name = "[CP] Check Pods Manifest.lock";
			outputPaths = (
				"$(DERIVED_FILE_DIR)/Pods-MyFinanceExtension-checkManifestLockResult.txt",
			);
			runOnlyForDeploymentPostprocessing = 0;
			shellPath = /bin/sh;
			shellScript = "diff \"${PODS_PODFILE_DIR_PATH}/Podfile.lock\" \"${PODS_ROOT}/Manifest.lock\" > /dev/null\nif [ $? != 0 ] ; then\n    # print error to STDERR\n    echo \"error: The sandbox is not in sync with the Podfile.lock. Run 'pod install' or update your CocoaPods installation.\" >&2\n    exit 1\nfi\n# This output is used by Xcode 'outputs' to avoid re-running this script phase.\necho \"SUCCESS\" > \"${SCRIPT_OUTPUT_FILE_0}\"\n";
			showEnvVarsInLog = 0;
		};
		45879BEBAFDAD5001899AD83 /* [CP] Copy Pods Resources */ = {
			isa = PBXShellScriptBuildPhase;
			buildActionMask = 2147483647;
			files = (
			);
			inputPaths = (
			);
			name = "[CP] Copy Pods Resources";
			outputPaths = (
			);
			runOnlyForDeploymentPostprocessing = 0;
			shellPath = /bin/sh;
			shellScript = "\"${SRCROOT}/Pods/Target Support Files/Pods-MyFinanceExtension/Pods-MyFinanceExtension-resources.sh\"\n";
			showEnvVarsInLog = 0;
		};
		6C277E91235BF3232ED07A23 /* [CP] Check Pods Manifest.lock */ = {
			isa = PBXShellScriptBuildPhase;
			buildActionMask = 2147483647;
			files = (
			);
			inputPaths = (
				"${PODS_PODFILE_DIR_PATH}/Podfile.lock",
				"${PODS_ROOT}/Manifest.lock",
			);
			name = "[CP] Check Pods Manifest.lock";
			outputPaths = (
				"$(DERIVED_FILE_DIR)/Pods-MyFinance-checkManifestLockResult.txt",
			);
			runOnlyForDeploymentPostprocessing = 0;
			shellPath = /bin/sh;
			shellScript = "diff \"${PODS_PODFILE_DIR_PATH}/Podfile.lock\" \"${PODS_ROOT}/Manifest.lock\" > /dev/null\nif [ $? != 0 ] ; then\n    # print error to STDERR\n    echo \"error: The sandbox is not in sync with the Podfile.lock. Run 'pod install' or update your CocoaPods installation.\" >&2\n    exit 1\nfi\n# This output is used by Xcode 'outputs' to avoid re-running this script phase.\necho \"SUCCESS\" > \"${SCRIPT_OUTPUT_FILE_0}\"\n";
			showEnvVarsInLog = 0;
		};
		9AD3EE322013B7EB0083F8FE /* SwiftLint */ = {
			isa = PBXShellScriptBuildPhase;
			buildActionMask = 2147483647;
			files = (
			);
			inputPaths = (
			);
			name = SwiftLint;
			outputPaths = (
			);
			runOnlyForDeploymentPostprocessing = 0;
			shellPath = /bin/sh;
			shellScript = "\"${PODS_ROOT}/SwiftLint/swiftlint\"";
		};
		F67C6BD98D47F6864C27F74D /* [CP] Embed Pods Frameworks */ = {
			isa = PBXShellScriptBuildPhase;
			buildActionMask = 2147483647;
			files = (
			);
			inputPaths = (
				"${SRCROOT}/Pods/Target Support Files/Pods-MyFinance/Pods-MyFinance-frameworks.sh",
				"${BUILT_PRODUCTS_DIR}/PromiseKit/PromiseKit.framework",
			);
			name = "[CP] Embed Pods Frameworks";
			outputPaths = (
				"${TARGET_BUILD_DIR}/${FRAMEWORKS_FOLDER_PATH}/PromiseKit.framework",
			);
			runOnlyForDeploymentPostprocessing = 0;
			shellPath = /bin/sh;
			shellScript = "\"${SRCROOT}/Pods/Target Support Files/Pods-MyFinance/Pods-MyFinance-frameworks.sh\"\n";
			showEnvVarsInLog = 0;
		};
		FB2ED961C165C2677C806A07 /* [CP] Copy Pods Resources */ = {
			isa = PBXShellScriptBuildPhase;
			buildActionMask = 2147483647;
			files = (
			);
			inputPaths = (
			);
			name = "[CP] Copy Pods Resources";
			outputPaths = (
			);
			runOnlyForDeploymentPostprocessing = 0;
			shellPath = /bin/sh;
			shellScript = "\"${SRCROOT}/Pods/Target Support Files/Pods-MyFinance/Pods-MyFinance-resources.sh\"\n";
			showEnvVarsInLog = 0;
		};
/* End PBXShellScriptBuildPhase section */

/* Begin PBXSourcesBuildPhase section */
		9A5AE56E2012A8AB00B25081 /* Sources */ = {
			isa = PBXSourcesBuildPhase;
			buildActionMask = 2147483647;
			files = (
				9A5AE59A2012C0D000B25081 /* NetworkManager.swift in Sources */,
				9AD3EE232013985B0083F8FE /* TransactionsBusinessLogic.swift in Sources */,
				9A5AE5782012A8AC00B25081 /* HomeViewController.swift in Sources */,
				9A5AE5A42012CA7700B25081 /* Formatters.swift in Sources */,
				9AD3EE292013A7FE0083F8FE /* SpendingBusinessLogic.swift in Sources */,
				9A5AE5972012BF5E00B25081 /* Config.swift in Sources */,
				9AD3EE2520139BA40083F8FE /* Data+Helpers.swift in Sources */,
				9A5AE5A22012C99A00B25081 /* HomeViewModel.swift in Sources */,
				9AD3EE1E20138F6C0083F8FE /* Transaction.swift in Sources */,
				9A5AE5952012BE0500B25081 /* ConfigManager.swift in Sources */,
				9AD3EE2720139FDC0083F8FE /* HALResponse.swift in Sources */,
				9AD3EE2B2013AD2A0083F8FE /* Date+Helpers.swift in Sources */,
				9A5AE5922012B97500B25081 /* Balance.swift in Sources */,
				9A5AE59C2012C45700B25081 /* Error.swift in Sources */,
				9A5AE5762012A8AB00B25081 /* AppDelegate.swift in Sources */,
				9A5AE5A62012CCFC00B25081 /* StarlingAPI.swift in Sources */,
				9AD3EE202013965D0083F8FE /* JSONCoder.swift in Sources */,
				9A5AE5A02012C8A400B25081 /* BalanceBusinessLogic.swift in Sources */,
				9A5AE5AA2012D4A400B25081 /* Dictionary+Helpers.swift in Sources */,
			);
			runOnlyForDeploymentPostprocessing = 0;
		};
		9AD3EE342013D9A10083F8FE /* Sources */ = {
			isa = PBXSourcesBuildPhase;
			buildActionMask = 2147483647;
			files = (
				9AD3EE582013DD060083F8FE /* Data+Helpers.swift in Sources */,
				9AD3EE5B2013DD0D0083F8FE /* ConfigManager.swift in Sources */,
				9AD3EE592013DD080083F8FE /* JSONCoder.swift in Sources */,
				9AD3EE502013DCEA0083F8FE /* Transaction.swift in Sources */,
				9AD3EE542013DCF90083F8FE /* TransactionsBusinessLogic.swift in Sources */,
				9AD3EE4D2013DCE30083F8FE /* HALResponse.swift in Sources */,
				9AD3EE512013DCF00083F8FE /* StarlingAPI.swift in Sources */,
				9AD3EE562013DD010083F8FE /* Dictionary+Helpers.swift in Sources */,
				9AD3EE552013DCFB0083F8FE /* SpendingBusinessLogic.swift in Sources */,
				9AD3EE522013DCF30083F8FE /* Formatters.swift in Sources */,
				9AD3EE4E2013DCE50083F8FE /* Config.swift in Sources */,
				9AD3EE5A2013DD0A0083F8FE /* NetworkManager.swift in Sources */,
				9AD3EE3D2013D9A10083F8FE /* TodayViewController.swift in Sources */,
				9AD3EE572013DD040083F8FE /* Date+Helpers.swift in Sources */,
				9AD3EE4C2013DCE10083F8FE /* Error.swift in Sources */,
				9AD3EE4F2013DCE80083F8FE /* Balance.swift in Sources */,
				9AD3EE4B2013DC5E0083F8FE /* TodayViewModel.swift in Sources */,
				9AD3EE532013DCF60083F8FE /* BalanceBusinessLogic.swift in Sources */,
			);
			runOnlyForDeploymentPostprocessing = 0;
		};
/* End PBXSourcesBuildPhase section */

/* Begin PBXTargetDependency section */
		9AD3EE432013D9A10083F8FE /* PBXTargetDependency */ = {
			isa = PBXTargetDependency;
			target = 9AD3EE372013D9A10083F8FE /* MyFinanceExtension */;
			targetProxy = 9AD3EE422013D9A10083F8FE /* PBXContainerItemProxy */;
		};
/* End PBXTargetDependency section */

/* Begin PBXVariantGroup section */
		9A5AE5792012A8AC00B25081 /* Main.storyboard */ = {
			isa = PBXVariantGroup;
			children = (
				9A5AE57A2012A8AC00B25081 /* Base */,
			);
			name = Main.storyboard;
			sourceTree = "<group>";
		};
		9A5AE57E2012A8AC00B25081 /* LaunchScreen.storyboard */ = {
			isa = PBXVariantGroup;
			children = (
				9A5AE57F2012A8AC00B25081 /* Base */,
			);
			name = LaunchScreen.storyboard;
			sourceTree = "<group>";
		};
		9AD3EE3E2013D9A10083F8FE /* MainInterface.storyboard */ = {
			isa = PBXVariantGroup;
			children = (
				9AD3EE3F2013D9A10083F8FE /* Base */,
			);
			name = MainInterface.storyboard;
			sourceTree = "<group>";
		};
/* End PBXVariantGroup section */

/* Begin XCBuildConfiguration section */
		9A5AE5822012A8AC00B25081 /* Debug */ = {
			isa = XCBuildConfiguration;
			buildSettings = {
				ALWAYS_SEARCH_USER_PATHS = NO;
				CLANG_ANALYZER_NONNULL = YES;
				CLANG_ANALYZER_NUMBER_OBJECT_CONVERSION = YES_AGGRESSIVE;
				CLANG_CXX_LANGUAGE_STANDARD = "gnu++14";
				CLANG_CXX_LIBRARY = "libc++";
				CLANG_ENABLE_MODULES = YES;
				CLANG_ENABLE_OBJC_ARC = YES;
				CLANG_WARN_BLOCK_CAPTURE_AUTORELEASING = YES;
				CLANG_WARN_BOOL_CONVERSION = YES;
				CLANG_WARN_COMMA = YES;
				CLANG_WARN_CONSTANT_CONVERSION = YES;
				CLANG_WARN_DIRECT_OBJC_ISA_USAGE = YES_ERROR;
				CLANG_WARN_DOCUMENTATION_COMMENTS = YES;
				CLANG_WARN_EMPTY_BODY = YES;
				CLANG_WARN_ENUM_CONVERSION = YES;
				CLANG_WARN_INFINITE_RECURSION = YES;
				CLANG_WARN_INT_CONVERSION = YES;
				CLANG_WARN_NON_LITERAL_NULL_CONVERSION = YES;
				CLANG_WARN_OBJC_LITERAL_CONVERSION = YES;
				CLANG_WARN_OBJC_ROOT_CLASS = YES_ERROR;
				CLANG_WARN_RANGE_LOOP_ANALYSIS = YES;
				CLANG_WARN_STRICT_PROTOTYPES = YES;
				CLANG_WARN_SUSPICIOUS_MOVE = YES;
				CLANG_WARN_UNGUARDED_AVAILABILITY = YES_AGGRESSIVE;
				CLANG_WARN_UNREACHABLE_CODE = YES;
				CLANG_WARN__DUPLICATE_METHOD_MATCH = YES;
				CODE_SIGN_IDENTITY = "iPhone Developer";
				COPY_PHASE_STRIP = NO;
				DEBUG_INFORMATION_FORMAT = dwarf;
				ENABLE_STRICT_OBJC_MSGSEND = YES;
				ENABLE_TESTABILITY = YES;
				GCC_C_LANGUAGE_STANDARD = gnu11;
				GCC_DYNAMIC_NO_PIC = NO;
				GCC_NO_COMMON_BLOCKS = YES;
				GCC_OPTIMIZATION_LEVEL = 0;
				GCC_PREPROCESSOR_DEFINITIONS = (
					"DEBUG=1",
					"$(inherited)",
				);
				GCC_WARN_64_TO_32_BIT_CONVERSION = YES;
				GCC_WARN_ABOUT_RETURN_TYPE = YES_ERROR;
				GCC_WARN_UNDECLARED_SELECTOR = YES;
				GCC_WARN_UNINITIALIZED_AUTOS = YES_AGGRESSIVE;
				GCC_WARN_UNUSED_FUNCTION = YES;
				GCC_WARN_UNUSED_VARIABLE = YES;
				IPHONEOS_DEPLOYMENT_TARGET = 11.2;
				MTL_ENABLE_DEBUG_INFO = YES;
				ONLY_ACTIVE_ARCH = YES;
				SDKROOT = iphoneos;
				SWIFT_ACTIVE_COMPILATION_CONDITIONS = DEBUG;
				SWIFT_OPTIMIZATION_LEVEL = "-Onone";
			};
			name = Debug;
		};
		9A5AE5832012A8AC00B25081 /* Release */ = {
			isa = XCBuildConfiguration;
			buildSettings = {
				ALWAYS_SEARCH_USER_PATHS = NO;
				CLANG_ANALYZER_NONNULL = YES;
				CLANG_ANALYZER_NUMBER_OBJECT_CONVERSION = YES_AGGRESSIVE;
				CLANG_CXX_LANGUAGE_STANDARD = "gnu++14";
				CLANG_CXX_LIBRARY = "libc++";
				CLANG_ENABLE_MODULES = YES;
				CLANG_ENABLE_OBJC_ARC = YES;
				CLANG_WARN_BLOCK_CAPTURE_AUTORELEASING = YES;
				CLANG_WARN_BOOL_CONVERSION = YES;
				CLANG_WARN_COMMA = YES;
				CLANG_WARN_CONSTANT_CONVERSION = YES;
				CLANG_WARN_DIRECT_OBJC_ISA_USAGE = YES_ERROR;
				CLANG_WARN_DOCUMENTATION_COMMENTS = YES;
				CLANG_WARN_EMPTY_BODY = YES;
				CLANG_WARN_ENUM_CONVERSION = YES;
				CLANG_WARN_INFINITE_RECURSION = YES;
				CLANG_WARN_INT_CONVERSION = YES;
				CLANG_WARN_NON_LITERAL_NULL_CONVERSION = YES;
				CLANG_WARN_OBJC_LITERAL_CONVERSION = YES;
				CLANG_WARN_OBJC_ROOT_CLASS = YES_ERROR;
				CLANG_WARN_RANGE_LOOP_ANALYSIS = YES;
				CLANG_WARN_STRICT_PROTOTYPES = YES;
				CLANG_WARN_SUSPICIOUS_MOVE = YES;
				CLANG_WARN_UNGUARDED_AVAILABILITY = YES_AGGRESSIVE;
				CLANG_WARN_UNREACHABLE_CODE = YES;
				CLANG_WARN__DUPLICATE_METHOD_MATCH = YES;
				CODE_SIGN_IDENTITY = "iPhone Developer";
				COPY_PHASE_STRIP = NO;
				DEBUG_INFORMATION_FORMAT = "dwarf-with-dsym";
				ENABLE_NS_ASSERTIONS = NO;
				ENABLE_STRICT_OBJC_MSGSEND = YES;
				GCC_C_LANGUAGE_STANDARD = gnu11;
				GCC_NO_COMMON_BLOCKS = YES;
				GCC_WARN_64_TO_32_BIT_CONVERSION = YES;
				GCC_WARN_ABOUT_RETURN_TYPE = YES_ERROR;
				GCC_WARN_UNDECLARED_SELECTOR = YES;
				GCC_WARN_UNINITIALIZED_AUTOS = YES_AGGRESSIVE;
				GCC_WARN_UNUSED_FUNCTION = YES;
				GCC_WARN_UNUSED_VARIABLE = YES;
				IPHONEOS_DEPLOYMENT_TARGET = 11.2;
				MTL_ENABLE_DEBUG_INFO = NO;
				SDKROOT = iphoneos;
				SWIFT_OPTIMIZATION_LEVEL = "-Owholemodule";
				VALIDATE_PRODUCT = YES;
			};
			name = Release;
		};
		9A5AE5852012A8AC00B25081 /* Debug */ = {
			isa = XCBuildConfiguration;
			baseConfigurationReference = 657896AC39A3CD1FA90830E2 /* Pods-MyFinance.debug.xcconfig */;
			buildSettings = {
				ALWAYS_EMBED_SWIFT_STANDARD_LIBRARIES = YES;
				ASSETCATALOG_COMPILER_APPICON_NAME = AppIcon;
				CODE_SIGN_STYLE = Automatic;
				DEVELOPMENT_TEAM = 29MN2WH3Q3;
				INFOPLIST_FILE = "$(SRCROOT)/MyFinance/Application/Info.plist";
				LD_RUNPATH_SEARCH_PATHS = "$(inherited) @executable_path/Frameworks";
				PRODUCT_BUNDLE_IDENTIFIER = com.attilanemet.MyFinance;
				PRODUCT_NAME = "$(TARGET_NAME)";
				SWIFT_OBJC_BRIDGING_HEADER = "MyFinance/Application/Bridging-Header.h";
				SWIFT_VERSION = 4.0;
				TARGETED_DEVICE_FAMILY = "1,2";
			};
			name = Debug;
		};
		9A5AE5862012A8AC00B25081 /* Release */ = {
			isa = XCBuildConfiguration;
			baseConfigurationReference = C49F06F9156F2CB30EC7BDDD /* Pods-MyFinance.release.xcconfig */;
			buildSettings = {
				ALWAYS_EMBED_SWIFT_STANDARD_LIBRARIES = YES;
				ASSETCATALOG_COMPILER_APPICON_NAME = AppIcon;
				CODE_SIGN_STYLE = Automatic;
				DEVELOPMENT_TEAM = 29MN2WH3Q3;
				INFOPLIST_FILE = "$(SRCROOT)/MyFinance/Application/Info.plist";
				LD_RUNPATH_SEARCH_PATHS = "$(inherited) @executable_path/Frameworks";
				PRODUCT_BUNDLE_IDENTIFIER = com.attilanemet.MyFinance;
				PRODUCT_NAME = "$(TARGET_NAME)";
				SWIFT_OBJC_BRIDGING_HEADER = "MyFinance/Application/Bridging-Header.h";
				SWIFT_VERSION = 4.0;
				TARGETED_DEVICE_FAMILY = "1,2";
			};
			name = Release;
		};
		9AD3EE462013D9A10083F8FE /* Debug */ = {
			isa = XCBuildConfiguration;
			baseConfigurationReference = 2D12856044DE82C2924693FD /* Pods-MyFinanceExtension.debug.xcconfig */;
			buildSettings = {
				CODE_SIGN_STYLE = Automatic;
				DEVELOPMENT_TEAM = 29MN2WH3Q3;
				INFOPLIST_FILE = MyFinanceExtension/Info.plist;
				LD_RUNPATH_SEARCH_PATHS = "$(inherited) @executable_path/Frameworks @executable_path/../../Frameworks";
				PRODUCT_BUNDLE_IDENTIFIER = com.attilanemet.MyFinance.MyFinanceExtension;
				PRODUCT_NAME = "$(TARGET_NAME)";
				SKIP_INSTALL = YES;
				SWIFT_OBJC_BRIDGING_HEADER = "MyFinanceExtension/Bridging-Header.h";
				SWIFT_VERSION = 4.0;
				TARGETED_DEVICE_FAMILY = "1,2";
			};
			name = Debug;
		};
		9AD3EE472013D9A10083F8FE /* Release */ = {
			isa = XCBuildConfiguration;
			baseConfigurationReference = 300147042264DD560CDF6466 /* Pods-MyFinanceExtension.release.xcconfig */;
			buildSettings = {
				CODE_SIGN_STYLE = Automatic;
				DEVELOPMENT_TEAM = 29MN2WH3Q3;
				INFOPLIST_FILE = MyFinanceExtension/Info.plist;
				LD_RUNPATH_SEARCH_PATHS = "$(inherited) @executable_path/Frameworks @executable_path/../../Frameworks";
				PRODUCT_BUNDLE_IDENTIFIER = com.attilanemet.MyFinance.MyFinanceExtension;
				PRODUCT_NAME = "$(TARGET_NAME)";
				SKIP_INSTALL = YES;
				SWIFT_OBJC_BRIDGING_HEADER = "MyFinanceExtension/Bridging-Header.h";
				SWIFT_VERSION = 4.0;
				TARGETED_DEVICE_FAMILY = "1,2";
			};
			name = Release;
		};
/* End XCBuildConfiguration section */

/* Begin XCConfigurationList section */
		9A5AE56D2012A8AB00B25081 /* Build configuration list for PBXProject "MyFinance" */ = {
			isa = XCConfigurationList;
			buildConfigurations = (
				9A5AE5822012A8AC00B25081 /* Debug */,
				9A5AE5832012A8AC00B25081 /* Release */,
			);
			defaultConfigurationIsVisible = 0;
			defaultConfigurationName = Release;
		};
		9A5AE5842012A8AC00B25081 /* Build configuration list for PBXNativeTarget "MyFinance" */ = {
			isa = XCConfigurationList;
			buildConfigurations = (
				9A5AE5852012A8AC00B25081 /* Debug */,
				9A5AE5862012A8AC00B25081 /* Release */,
			);
			defaultConfigurationIsVisible = 0;
			defaultConfigurationName = Release;
		};
		9AD3EE452013D9A10083F8FE /* Build configuration list for PBXNativeTarget "MyFinanceExtension" */ = {
			isa = XCConfigurationList;
			buildConfigurations = (
				9AD3EE462013D9A10083F8FE /* Debug */,
				9AD3EE472013D9A10083F8FE /* Release */,
			);
			defaultConfigurationIsVisible = 0;
			defaultConfigurationName = Release;
		};
/* End XCConfigurationList section */
	};
	rootObject = 9A5AE56A2012A8AB00B25081 /* Project object */;
}
